
Microsoft Visual Studio Solution File, Format Version 12.00
# Visual Studio Version 16
VisualStudioVersion = 16.0.31005.135
MinimumVisualStudioVersion = 10.0.40219.1
Project("{8BC9CEB8-8B4A-11D0-8D11-00A0C91BC942}") = "Lab Work1-2", "Algorithms\Algorithms.vcxproj", "{BC258C78-FA65-4B69-8B0A-A1935D549629}"
EndProject
Project("{8BC9CEB8-8B4A-11D0-8D11-00A0C91BC942}") = "Lab Work1-3", "Lab Work1-3\Lab Work1-3.vcxproj", "{905F0B74-C4FB-4E0A-AC9F-06F9689E043F}"
EndProject
Project("{8BC9CEB8-8B4A-11D0-8D11-00A0C91BC942}") = "Lab Work1-4", "Lab work1-4\Lab work1-4.vcxproj", "{1997BA05-E172-459A-9EC4-D0B19FA495D7}"
EndProject
Project("{8BC9CEB8-8B4A-11D0-8D11-00A0C91BC942}") = "Lab Work2-1", "Lab Work2-1\Lab Work2-1.vcxproj", "{2D440B67-F4D2-45B5-B7D6-B286B691347F}"
EndProject
Project("{8BC9CEB8-8B4A-11D0-8D11-00A0C91BC942}") = "Lab Work2-2", "Lab Work2-2\Lab Work2-2.vcxproj", "{1A90316F-D47E-4CF7-8E10-8C01B202A085}"
EndProject
Project("{8BC9CEB8-8B4A-11D0-8D11-00A0C91BC942}") = "Lab Work2-3", "Lab Work2-3\Lab Work2-3.vcxproj", "{BA122D34-337B-4A74-B0D3-A3E8DEE676A9}"
EndProject
Project("{8BC9CEB8-8B4A-11D0-8D11-00A0C91BC942}") = "Lab Work3-1", "Lab Work3-1\Lab Work3-1.vcxproj", "{15727640-16BD-4443-A984-8BE08BC8A8E1}"
EndProject
Project("{8BC9CEB8-8B4A-11D0-8D11-00A0C91BC942}") = "Lab Work3-2", "Lab Work3-2\Lab Work3-2.vcxproj", "{2265B20D-7D8C-4287-BED7-816EDCC4DF74}"
EndProject
Project("{8BC9CEB8-8B4A-11D0-8D11-00A0C91BC942}") = "Lab Work3-3", "Lab Work3-3\Lab Work3-3.vcxproj", "{872A95BF-0CE6-46D3-A94C-6D0299C1AD3D}"
EndProject
Project("{8BC9CEB8-8B4A-11D0-8D11-00A0C91BC942}") = "Lab Work3-4", "Lab Work3-4\Lab Work3-4.vcxproj", "{449E229F-4328-4362-966C-3C2542E45552}"
EndProject
Project("{8BC9CEB8-8B4A-11D0-8D11-00A0C91BC942}") = "Lab Work4-1", "Lab Work4-1\Lab Work4-1.vcxproj", "{9A472708-1C7B-48FF-BCF7-6D5AAA50C417}"
EndProject
Project("{8BC9CEB8-8B4A-11D0-8D11-00A0C91BC942}") = "Lab Work4-2", "Lab Work4-2\Lab Work4-2.vcxproj", "{D26B0D78-2F6E-47A2-976C-ED6C7CAF2E2D}"
EndProject
Project("{8BC9CEB8-8B4A-11D0-8D11-00A0C91BC942}") = "Lab Work4-3", "Lab Work4-3\Lab Work4-3.vcxproj", "{B4D3A6B7-7DFA-4D13-8FB0-09292631DC5E}"
EndProject
Project("{8BC9CEB8-8B4A-11D0-8D11-00A0C91BC942}") = "Lab Work5-1", "Lab Work5-1\Lab Work5-1.vcxproj", "{514D1648-5326-40B5-8515-E555AB99C5F0}"
EndProject
Project("{8BC9CEB8-8B4A-11D0-8D11-00A0C91BC942}") = "Lab Work5-2", "Lab Work5-2\Lab Work5-2.vcxproj", "{542C926F-2957-4695-971C-0936A7D19AEC}"
EndProject
Project("{8BC9CEB8-8B4A-11D0-8D11-00A0C91BC942}") = "Lab Work5-3", "Lab Work5-3\Lab Work5-3.vcxproj", "{856EE737-D8CB-4455-89AD-4B340257356F}"
EndProject
Project("{8BC9CEB8-8B4A-11D0-8D11-00A0C91BC942}") = "Lab Work6-1", "Lab Work6-1\Lab Work6-1.vcxproj", "{A70C472B-E2E3-48DD-8F34-308B1BFD7C67}"
EndProject
Project("{8BC9CEB8-8B4A-11D0-8D11-00A0C91BC942}") = "Lab Work6-2", "Lab Work6-2\Lab Work6-2.vcxproj", "{9019CD4B-7FA6-4435-B883-262333BCF286}"
EndProject
Project("{8BC9CEB8-8B4A-11D0-8D11-00A0C91BC942}") = "Lab Work6-3", "Lab Work6-3\Lab Work6-3.vcxproj", "{BBB28F14-55DA-42DF-881F-527269F2E083}"
EndProject
Project("{8BC9CEB8-8B4A-11D0-8D11-00A0C91BC942}") = "Lab Work7-1", "Lab Work7-1\Lab Work7-1.vcxproj", "{9A5EC7FF-1E69-4FC4-9690-42CDE788F9C1}"
EndProject
Project("{8BC9CEB8-8B4A-11D0-8D11-00A0C91BC942}") = "Lab Work7-2", "Lab Work7-2\Lab Work7-2.vcxproj", "{5DA20128-A7EC-4D53-ABDC-D324557CB4DA}"
EndProject
Project("{8BC9CEB8-8B4A-11D0-8D11-00A0C91BC942}") = "Lab Work8-1", "Lab Work8-1\Lab Work8-1.vcxproj", "{406AE5E6-0F0C-4E7C-B2F7-D8201E87F81D}"
EndProject
Project("{8BC9CEB8-8B4A-11D0-8D11-00A0C91BC942}") = "Lab Work8-2", "Lab Work8-2\Lab  Work8-2.vcxproj", "{B68C0892-123F-4D27-9BF8-0E0DD63EEC06}"
EndProject
Global
	GlobalSection(SolutionConfigurationPlatforms) = preSolution
		Debug|x64 = Debug|x64
		Debug|x86 = Debug|x86
		Release|x64 = Release|x64
		Release|x86 = Release|x86
	EndGlobalSection
	GlobalSection(ProjectConfigurationPlatforms) = postSolution
		{BC258C78-FA65-4B69-8B0A-A1935D549629}.Debug|x64.ActiveCfg = Debug|x64
		{BC258C78-FA65-4B69-8B0A-A1935D549629}.Debug|x64.Build.0 = Debug|x64
		{BC258C78-FA65-4B69-8B0A-A1935D549629}.Debug|x86.ActiveCfg = Debug|Win32
		{BC258C78-FA65-4B69-8B0A-A1935D549629}.Debug|x86.Build.0 = Debug|Win32
		{BC258C78-FA65-4B69-8B0A-A1935D549629}.Release|x64.ActiveCfg = Release|x64
		{BC258C78-FA65-4B69-8B0A-A1935D549629}.Release|x64.Build.0 = Release|x64
		{BC258C78-FA65-4B69-8B0A-A1935D549629}.Release|x86.ActiveCfg = Release|Win32
		{BC258C78-FA65-4B69-8B0A-A1935D549629}.Release|x86.Build.0 = Release|Win32
		{905F0B74-C4FB-4E0A-AC9F-06F9689E043F}.Debug|x64.ActiveCfg = Debug|x64
		{905F0B74-C4FB-4E0A-AC9F-06F9689E043F}.Debug|x64.Build.0 = Debug|x64
		{905F0B74-C4FB-4E0A-AC9F-06F9689E043F}.Debug|x86.ActiveCfg = Debug|Win32
		{905F0B74-C4FB-4E0A-AC9F-06F9689E043F}.Debug|x86.Build.0 = Debug|Win32
		{905F0B74-C4FB-4E0A-AC9F-06F9689E043F}.Release|x64.ActiveCfg = Release|x64
		{905F0B74-C4FB-4E0A-AC9F-06F9689E043F}.Release|x64.Build.0 = Release|x64
		{905F0B74-C4FB-4E0A-AC9F-06F9689E043F}.Release|x86.ActiveCfg = Release|Win32
		{905F0B74-C4FB-4E0A-AC9F-06F9689E043F}.Release|x86.Build.0 = Release|Win32
		{1997BA05-E172-459A-9EC4-D0B19FA495D7}.Debug|x64.ActiveCfg = Debug|x64
		{1997BA05-E172-459A-9EC4-D0B19FA495D7}.Debug|x64.Build.0 = Debug|x64
		{1997BA05-E172-459A-9EC4-D0B19FA495D7}.Debug|x86.ActiveCfg = Debug|Win32
		{1997BA05-E172-459A-9EC4-D0B19FA495D7}.Debug|x86.Build.0 = Debug|Win32
		{1997BA05-E172-459A-9EC4-D0B19FA495D7}.Release|x64.ActiveCfg = Release|x64
		{1997BA05-E172-459A-9EC4-D0B19FA495D7}.Release|x64.Build.0 = Release|x64
		{1997BA05-E172-459A-9EC4-D0B19FA495D7}.Release|x86.ActiveCfg = Release|Win32
		{1997BA05-E172-459A-9EC4-D0B19FA495D7}.Release|x86.Build.0 = Release|Win32
		{2D440B67-F4D2-45B5-B7D6-B286B691347F}.Debug|x64.ActiveCfg = Debug|x64
		{2D440B67-F4D2-45B5-B7D6-B286B691347F}.Debug|x64.Build.0 = Debug|x64
		{2D440B67-F4D2-45B5-B7D6-B286B691347F}.Debug|x86.ActiveCfg = Debug|Win32
		{2D440B67-F4D2-45B5-B7D6-B286B691347F}.Debug|x86.Build.0 = Debug|Win32
		{2D440B67-F4D2-45B5-B7D6-B286B691347F}.Release|x64.ActiveCfg = Release|x64
		{2D440B67-F4D2-45B5-B7D6-B286B691347F}.Release|x64.Build.0 = Release|x64
		{2D440B67-F4D2-45B5-B7D6-B286B691347F}.Release|x86.ActiveCfg = Release|Win32
		{2D440B67-F4D2-45B5-B7D6-B286B691347F}.Release|x86.Build.0 = Release|Win32
		{1A90316F-D47E-4CF7-8E10-8C01B202A085}.Debug|x64.ActiveCfg = Debug|x64
		{1A90316F-D47E-4CF7-8E10-8C01B202A085}.Debug|x64.Build.0 = Debug|x64
		{1A90316F-D47E-4CF7-8E10-8C01B202A085}.Debug|x86.ActiveCfg = Debug|Win32
		{1A90316F-D47E-4CF7-8E10-8C01B202A085}.Debug|x86.Build.0 = Debug|Win32
		{1A90316F-D47E-4CF7-8E10-8C01B202A085}.Release|x64.ActiveCfg = Release|x64
		{1A90316F-D47E-4CF7-8E10-8C01B202A085}.Release|x64.Build.0 = Release|x64
		{1A90316F-D47E-4CF7-8E10-8C01B202A085}.Release|x86.ActiveCfg = Release|Win32
		{1A90316F-D47E-4CF7-8E10-8C01B202A085}.Release|x86.Build.0 = Release|Win32
		{BA122D34-337B-4A74-B0D3-A3E8DEE676A9}.Debug|x64.ActiveCfg = Debug|x64
		{BA122D34-337B-4A74-B0D3-A3E8DEE676A9}.Debug|x64.Build.0 = Debug|x64
		{BA122D34-337B-4A74-B0D3-A3E8DEE676A9}.Debug|x86.ActiveCfg = Debug|Win32
		{BA122D34-337B-4A74-B0D3-A3E8DEE676A9}.Debug|x86.Build.0 = Debug|Win32
		{BA122D34-337B-4A74-B0D3-A3E8DEE676A9}.Release|x64.ActiveCfg = Release|x64
		{BA122D34-337B-4A74-B0D3-A3E8DEE676A9}.Release|x64.Build.0 = Release|x64
		{BA122D34-337B-4A74-B0D3-A3E8DEE676A9}.Release|x86.ActiveCfg = Release|Win32
		{BA122D34-337B-4A74-B0D3-A3E8DEE676A9}.Release|x86.Build.0 = Release|Win32
		{15727640-16BD-4443-A984-8BE08BC8A8E1}.Debug|x64.ActiveCfg = Debug|x64
		{15727640-16BD-4443-A984-8BE08BC8A8E1}.Debug|x64.Build.0 = Debug|x64
		{15727640-16BD-4443-A984-8BE08BC8A8E1}.Debug|x86.ActiveCfg = Debug|Win32
		{15727640-16BD-4443-A984-8BE08BC8A8E1}.Debug|x86.Build.0 = Debug|Win32
		{15727640-16BD-4443-A984-8BE08BC8A8E1}.Release|x64.ActiveCfg = Release|x64
		{15727640-16BD-4443-A984-8BE08BC8A8E1}.Release|x64.Build.0 = Release|x64
		{15727640-16BD-4443-A984-8BE08BC8A8E1}.Release|x86.ActiveCfg = Release|Win32
		{15727640-16BD-4443-A984-8BE08BC8A8E1}.Release|x86.Build.0 = Release|Win32
		{2265B20D-7D8C-4287-BED7-816EDCC4DF74}.Debug|x64.ActiveCfg = Debug|x64
		{2265B20D-7D8C-4287-BED7-816EDCC4DF74}.Debug|x64.Build.0 = Debug|x64
		{2265B20D-7D8C-4287-BED7-816EDCC4DF74}.Debug|x86.ActiveCfg = Debug|Win32
		{2265B20D-7D8C-4287-BED7-816EDCC4DF74}.Debug|x86.Build.0 = Debug|Win32
		{2265B20D-7D8C-4287-BED7-816EDCC4DF74}.Release|x64.ActiveCfg = Release|x64
		{2265B20D-7D8C-4287-BED7-816EDCC4DF74}.Release|x64.Build.0 = Release|x64
		{2265B20D-7D8C-4287-BED7-816EDCC4DF74}.Release|x86.ActiveCfg = Release|Win32
		{2265B20D-7D8C-4287-BED7-816EDCC4DF74}.Release|x86.Build.0 = Release|Win32
		{872A95BF-0CE6-46D3-A94C-6D0299C1AD3D}.Debug|x64.ActiveCfg = Debug|x64
		{872A95BF-0CE6-46D3-A94C-6D0299C1AD3D}.Debug|x64.Build.0 = Debug|x64
		{872A95BF-0CE6-46D3-A94C-6D0299C1AD3D}.Debug|x86.ActiveCfg = Debug|Win32
		{872A95BF-0CE6-46D3-A94C-6D0299C1AD3D}.Debug|x86.Build.0 = Debug|Win32
		{872A95BF-0CE6-46D3-A94C-6D0299C1AD3D}.Release|x64.ActiveCfg = Release|x64
		{872A95BF-0CE6-46D3-A94C-6D0299C1AD3D}.Release|x64.Build.0 = Release|x64
		{872A95BF-0CE6-46D3-A94C-6D0299C1AD3D}.Release|x86.ActiveCfg = Release|Win32
		{872A95BF-0CE6-46D3-A94C-6D0299C1AD3D}.Release|x86.Build.0 = Release|Win32
		{449E229F-4328-4362-966C-3C2542E45552}.Debug|x64.ActiveCfg = Debug|x64
		{449E229F-4328-4362-966C-3C2542E45552}.Debug|x64.Build.0 = Debug|x64
		{449E229F-4328-4362-966C-3C2542E45552}.Debug|x86.ActiveCfg = Debug|Win32
		{449E229F-4328-4362-966C-3C2542E45552}.Debug|x86.Build.0 = Debug|Win32
		{449E229F-4328-4362-966C-3C2542E45552}.Release|x64.ActiveCfg = Release|x64
		{449E229F-4328-4362-966C-3C2542E45552}.Release|x64.Build.0 = Release|x64
		{449E229F-4328-4362-966C-3C2542E45552}.Release|x86.ActiveCfg = Release|Win32
		{449E229F-4328-4362-966C-3C2542E45552}.Release|x86.Build.0 = Release|Win32
		{9A472708-1C7B-48FF-BCF7-6D5AAA50C417}.Debug|x64.ActiveCfg = Debug|x64
		{9A472708-1C7B-48FF-BCF7-6D5AAA50C417}.Debug|x64.Build.0 = Debug|x64
		{9A472708-1C7B-48FF-BCF7-6D5AAA50C417}.Debug|x86.ActiveCfg = Debug|Win32
		{9A472708-1C7B-48FF-BCF7-6D5AAA50C417}.Debug|x86.Build.0 = Debug|Win32
		{9A472708-1C7B-48FF-BCF7-6D5AAA50C417}.Release|x64.ActiveCfg = Release|x64
		{9A472708-1C7B-48FF-BCF7-6D5AAA50C417}.Release|x64.Build.0 = Release|x64
		{9A472708-1C7B-48FF-BCF7-6D5AAA50C417}.Release|x86.ActiveCfg = Release|Win32
		{9A472708-1C7B-48FF-BCF7-6D5AAA50C417}.Release|x86.Build.0 = Release|Win32
		{D26B0D78-2F6E-47A2-976C-ED6C7CAF2E2D}.Debug|x64.ActiveCfg = Debug|x64
		{D26B0D78-2F6E-47A2-976C-ED6C7CAF2E2D}.Debug|x64.Build.0 = Debug|x64
		{D26B0D78-2F6E-47A2-976C-ED6C7CAF2E2D}.Debug|x86.ActiveCfg = Debug|Win32
		{D26B0D78-2F6E-47A2-976C-ED6C7CAF2E2D}.Debug|x86.Build.0 = Debug|Win32
		{D26B0D78-2F6E-47A2-976C-ED6C7CAF2E2D}.Release|x64.ActiveCfg = Release|x64
		{D26B0D78-2F6E-47A2-976C-ED6C7CAF2E2D}.Release|x64.Build.0 = Release|x64
		{D26B0D78-2F6E-47A2-976C-ED6C7CAF2E2D}.Release|x86.ActiveCfg = Release|Win32
		{D26B0D78-2F6E-47A2-976C-ED6C7CAF2E2D}.Release|x86.Build.0 = Release|Win32
		{B4D3A6B7-7DFA-4D13-8FB0-09292631DC5E}.Debug|x64.ActiveCfg = Debug|x64
		{B4D3A6B7-7DFA-4D13-8FB0-09292631DC5E}.Debug|x64.Build.0 = Debug|x64
		{B4D3A6B7-7DFA-4D13-8FB0-09292631DC5E}.Debug|x86.ActiveCfg = Debug|Win32
		{B4D3A6B7-7DFA-4D13-8FB0-09292631DC5E}.Debug|x86.Build.0 = Debug|Win32
		{B4D3A6B7-7DFA-4D13-8FB0-09292631DC5E}.Release|x64.ActiveCfg = Release|x64
		{B4D3A6B7-7DFA-4D13-8FB0-09292631DC5E}.Release|x64.Build.0 = Release|x64
		{B4D3A6B7-7DFA-4D13-8FB0-09292631DC5E}.Release|x86.ActiveCfg = Release|Win32
		{B4D3A6B7-7DFA-4D13-8FB0-09292631DC5E}.Release|x86.Build.0 = Release|Win32
		{514D1648-5326-40B5-8515-E555AB99C5F0}.Debug|x64.ActiveCfg = Debug|x64
		{514D1648-5326-40B5-8515-E555AB99C5F0}.Debug|x64.Build.0 = Debug|x64
		{514D1648-5326-40B5-8515-E555AB99C5F0}.Debug|x86.ActiveCfg = Debug|Win32
		{514D1648-5326-40B5-8515-E555AB99C5F0}.Debug|x86.Build.0 = Debug|Win32
		{514D1648-5326-40B5-8515-E555AB99C5F0}.Release|x64.ActiveCfg = Release|x64
		{514D1648-5326-40B5-8515-E555AB99C5F0}.Release|x64.Build.0 = Release|x64
		{514D1648-5326-40B5-8515-E555AB99C5F0}.Release|x86.ActiveCfg = Release|Win32
		{514D1648-5326-40B5-8515-E555AB99C5F0}.Release|x86.Build.0 = Release|Win32
		{542C926F-2957-4695-971C-0936A7D19AEC}.Debug|x64.ActiveCfg = Debug|x64
		{542C926F-2957-4695-971C-0936A7D19AEC}.Debug|x64.Build.0 = Debug|x64
		{542C926F-2957-4695-971C-0936A7D19AEC}.Debug|x86.ActiveCfg = Debug|Win32
		{542C926F-2957-4695-971C-0936A7D19AEC}.Debug|x86.Build.0 = Debug|Win32
		{542C926F-2957-4695-971C-0936A7D19AEC}.Release|x64.ActiveCfg = Release|x64
		{542C926F-2957-4695-971C-0936A7D19AEC}.Release|x64.Build.0 = Release|x64
		{542C926F-2957-4695-971C-0936A7D19AEC}.Release|x86.ActiveCfg = Release|Win32
		{542C926F-2957-4695-971C-0936A7D19AEC}.Release|x86.Build.0 = Release|Win32
		{856EE737-D8CB-4455-89AD-4B340257356F}.Debug|x64.ActiveCfg = Debug|x64
		{856EE737-D8CB-4455-89AD-4B340257356F}.Debug|x64.Build.0 = Debug|x64
		{856EE737-D8CB-4455-89AD-4B340257356F}.Debug|x86.ActiveCfg = Debug|Win32
		{856EE737-D8CB-4455-89AD-4B340257356F}.Debug|x86.Build.0 = Debug|Win32
		{856EE737-D8CB-4455-89AD-4B340257356F}.Release|x64.ActiveCfg = Release|x64
		{856EE737-D8CB-4455-89AD-4B340257356F}.Release|x64.Build.0 = Release|x64
		{856EE737-D8CB-4455-89AD-4B340257356F}.Release|x86.ActiveCfg = Release|Win32
		{856EE737-D8CB-4455-89AD-4B340257356F}.Release|x86.Build.0 = Release|Win32
		{A70C472B-E2E3-48DD-8F34-308B1BFD7C67}.Debug|x64.ActiveCfg = Debug|x64
		{A70C472B-E2E3-48DD-8F34-308B1BFD7C67}.Debug|x64.Build.0 = Debug|x64
		{A70C472B-E2E3-48DD-8F34-308B1BFD7C67}.Debug|x86.ActiveCfg = Debug|Win32
		{A70C472B-E2E3-48DD-8F34-308B1BFD7C67}.Debug|x86.Build.0 = Debug|Win32
		{A70C472B-E2E3-48DD-8F34-308B1BFD7C67}.Release|x64.ActiveCfg = Release|x64
		{A70C472B-E2E3-48DD-8F34-308B1BFD7C67}.Release|x64.Build.0 = Release|x64
		{A70C472B-E2E3-48DD-8F34-308B1BFD7C67}.Release|x86.ActiveCfg = Release|Win32
		{A70C472B-E2E3-48DD-8F34-308B1BFD7C67}.Release|x86.Build.0 = Release|Win32
		{9019CD4B-7FA6-4435-B883-262333BCF286}.Debug|x64.ActiveCfg = Debug|x64
		{9019CD4B-7FA6-4435-B883-262333BCF286}.Debug|x64.Build.0 = Debug|x64
		{9019CD4B-7FA6-4435-B883-262333BCF286}.Debug|x86.ActiveCfg = Debug|Win32
		{9019CD4B-7FA6-4435-B883-262333BCF286}.Debug|x86.Build.0 = Debug|Win32
		{9019CD4B-7FA6-4435-B883-262333BCF286}.Release|x64.ActiveCfg = Release|x64
		{9019CD4B-7FA6-4435-B883-262333BCF286}.Release|x64.Build.0 = Release|x64
		{9019CD4B-7FA6-4435-B883-262333BCF286}.Release|x86.ActiveCfg = Release|Win32
		{9019CD4B-7FA6-4435-B883-262333BCF286}.Release|x86.Build.0 = Release|Win32
		{BBB28F14-55DA-42DF-881F-527269F2E083}.Debug|x64.ActiveCfg = Debug|x64
		{BBB28F14-55DA-42DF-881F-527269F2E083}.Debug|x64.Build.0 = Debug|x64
		{BBB28F14-55DA-42DF-881F-527269F2E083}.Debug|x86.ActiveCfg = Debug|Win32
		{BBB28F14-55DA-42DF-881F-527269F2E083}.Debug|x86.Build.0 = Debug|Win32
		{BBB28F14-55DA-42DF-881F-527269F2E083}.Release|x64.ActiveCfg = Release|x64
		{BBB28F14-55DA-42DF-881F-527269F2E083}.Release|x64.Build.0 = Release|x64
		{BBB28F14-55DA-42DF-881F-527269F2E083}.Release|x86.ActiveCfg = Release|Win32
		{BBB28F14-55DA-42DF-881F-527269F2E083}.Release|x86.Build.0 = Release|Win32
		{9A5EC7FF-1E69-4FC4-9690-42CDE788F9C1}.Debug|x64.ActiveCfg = Debug|x64
		{9A5EC7FF-1E69-4FC4-9690-42CDE788F9C1}.Debug|x64.Build.0 = Debug|x64
		{9A5EC7FF-1E69-4FC4-9690-42CDE788F9C1}.Debug|x86.ActiveCfg = Debug|Win32
		{9A5EC7FF-1E69-4FC4-9690-42CDE788F9C1}.Debug|x86.Build.0 = Debug|Win32
		{9A5EC7FF-1E69-4FC4-9690-42CDE788F9C1}.Release|x64.ActiveCfg = Release|x64
		{9A5EC7FF-1E69-4FC4-9690-42CDE788F9C1}.Release|x64.Build.0 = Release|x64
		{9A5EC7FF-1E69-4FC4-9690-42CDE788F9C1}.Release|x86.ActiveCfg = Release|Win32
		{9A5EC7FF-1E69-4FC4-9690-42CDE788F9C1}.Release|x86.Build.0 = Release|Win32
		{5DA20128-A7EC-4D53-ABDC-D324557CB4DA}.Debug|x64.ActiveCfg = Debug|x64
		{5DA20128-A7EC-4D53-ABDC-D324557CB4DA}.Debug|x64.Build.0 = Debug|x64
		{5DA20128-A7EC-4D53-ABDC-D324557CB4DA}.Debug|x86.ActiveCfg = Debug|Win32
		{5DA20128-A7EC-4D53-ABDC-D324557CB4DA}.Debug|x86.Build.0 = Debug|Win32
		{5DA20128-A7EC-4D53-ABDC-D324557CB4DA}.Release|x64.ActiveCfg = Release|x64
		{5DA20128-A7EC-4D53-ABDC-D324557CB4DA}.Release|x64.Build.0 = Release|x64
		{5DA20128-A7EC-4D53-ABDC-D324557CB4DA}.Release|x86.ActiveCfg = Release|Win32
		{5DA20128-A7EC-4D53-ABDC-D324557CB4DA}.Release|x86.Build.0 = Release|Win32
		{406AE5E6-0F0C-4E7C-B2F7-D8201E87F81D}.Debug|x64.ActiveCfg = Debug|x64
		{406AE5E6-0F0C-4E7C-B2F7-D8201E87F81D}.Debug|x64.Build.0 = Debug|x64
		{406AE5E6-0F0C-4E7C-B2F7-D8201E87F81D}.Debug|x86.ActiveCfg = Debug|Win32
		{406AE5E6-0F0C-4E7C-B2F7-D8201E87F81D}.Debug|x86.Build.0 = Debug|Win32
		{406AE5E6-0F0C-4E7C-B2F7-D8201E87F81D}.Release|x64.ActiveCfg = Release|x64
		{406AE5E6-0F0C-4E7C-B2F7-D8201E87F81D}.Release|x64.Build.0 = Release|x64
		{406AE5E6-0F0C-4E7C-B2F7-D8201E87F81D}.Release|x86.ActiveCfg = Release|Win32
		{406AE5E6-0F0C-4E7C-B2F7-D8201E87F81D}.Release|x86.Build.0 = Release|Win32
		{B68C0892-123F-4D27-9BF8-0E0DD63EEC06}.Debug|x64.ActiveCfg = Debug|x64
		{B68C0892-123F-4D27-9BF8-0E0DD63EEC06}.Debug|x64.Build.0 = Debug|x64
		{B68C0892-123F-4D27-9BF8-0E0DD63EEC06}.Debug|x86.ActiveCfg = Debug|Win32
		{B68C0892-123F-4D27-9BF8-0E0DD63EEC06}.Debug|x86.Build.0 = Debug|Win32
		{B68C0892-123F-4D27-9BF8-0E0DD63EEC06}.Release|x64.ActiveCfg = Release|x64
		{B68C0892-123F-4D27-9BF8-0E0DD63EEC06}.Release|x64.Build.0 = Release|x64
		{B68C0892-123F-4D27-9BF8-0E0DD63EEC06}.Release|x86.ActiveCfg = Release|Win32
		{B68C0892-123F-4D27-9BF8-0E0DD63EEC06}.Release|x86.Build.0 = Release|Win32
	EndGlobalSection
	GlobalSection(SolutionProperties) = preSolution
		HideSolutionNode = FALSE
	EndGlobalSection
	GlobalSection(ExtensibilityGlobals) = postSolution
		SolutionGuid = {B261C3E0-B657-435A-801E-47EB5C310BAB}
	EndGlobalSection
EndGlobal
